
Microsoft Visual Studio Solution File, Format Version 12.00
# Visual Studio 14
VisualStudioVersion = 14.0.25420.1
MinimumVisualStudioVersion = 10.0.40219.1
Project("{FAE04EC0-301F-11D3-BF4B-00C04F79EFBC}") = "Concept.Web", "Concept.Web\Concept.Web.csproj", "{E00E90F2-BFEC-411F-A0C0-292994B5C1C3}"
EndProject
Project("{FAE04EC0-301F-11D3-BF4B-00C04F79EFBC}") = "Concept.Dal", "Concept.Dal\Concept.Dal.csproj", "{78F519A0-2811-4259-BF41-00E408ECEC57}"
EndProject
Project("{FAE04EC0-301F-11D3-BF4B-00C04F79EFBC}") = "Concept.Bll", "Concept.Bll\Concept.Bll.csproj", "{E2C7F714-845F-4019-8F54-223949ED6508}"
EndProject
Global
	GlobalSection(SolutionConfigurationPlatforms) = preSolution
		Debug|Any CPU = Debug|Any CPU
		Release|Any CPU = Release|Any CPU
	EndGlobalSection
	GlobalSection(ProjectConfigurationPlatforms) = postSolution
		{E00E90F2-BFEC-411F-A0C0-292994B5C1C3}.Debug|Any CPU.ActiveCfg = Debug|Any CPU
		{E00E90F2-BFEC-411F-A0C0-292994B5C1C3}.Debug|Any CPU.Build.0 = Debug|Any CPU
		{E00E90F2-BFEC-411F-A0C0-292994B5C1C3}.Release|Any CPU.ActiveCfg = Release|Any CPU
		{E00E90F2-BFEC-411F-A0C0-292994B5C1C3}.Release|Any CPU.Build.0 = Release|Any CPU
		{78F519A0-2811-4259-BF41-00E408ECEC57}.Debug|Any CPU.ActiveCfg = Debug|Any CPU
		{78F519A0-2811-4259-BF41-00E408ECEC57}.Debug|Any CPU.Build.0 = Debug|Any CPU
		{78F519A0-2811-4259-BF41-00E408ECEC57}.Release|Any CPU.ActiveCfg = Release|Any CPU
		{78F519A0-2811-4259-BF41-00E408ECEC57}.Release|Any CPU.Build.0 = Release|Any CPU
		{E2C7F714-845F-4019-8F54-223949ED6508}.Debug|Any CPU.ActiveCfg = Debug|Any CPU
		{E2C7F714-845F-4019-8F54-223949ED6508}.Debug|Any CPU.Build.0 = Debug|Any CPU
		{E2C7F714-845F-4019-8F54-223949ED6508}.Release|Any CPU.ActiveCfg = Release|Any CPU
		{E2C7F714-845F-4019-8F54-223949ED6508}.Release|Any CPU.Build.0 = Release|Any CPU
	EndGlobalSection
	GlobalSection(SolutionProperties) = preSolution
		HideSolutionNode = FALSE
	EndGlobalSection
EndGlobal
